
Microsoft Visual Studio Solution File, Format Version 12.00
# Visual Studio Version 16
VisualStudioVersion = 16.0.30523.141
MinimumVisualStudioVersion = 10.0.40219.1
Project("{FAE04EC0-301F-11D3-BF4B-00C04F79EFBC}") = "ContactAppUI", "ContactAppUI\ContactAppUI.csproj", "{ABC72EA1-8B23-4AB3-BD5C-685BB07D3FC4}"
EndProject
Project("{FAE04EC0-301F-11D3-BF4B-00C04F79EFBC}") = "ContactApp", "ContactApp\ContactApp.csproj", "{FA23CBA4-E743-4DA2-94CC-1BB2D02A8F1D}"
EndProject
Global
	GlobalSection(SolutionConfigurationPlatforms) = preSolution
		Debug|Any CPU = Debug|Any CPU
		Release|Any CPU = Release|Any CPU
	EndGlobalSection
	GlobalSection(ProjectConfigurationPlatforms) = postSolution
		{ABC72EA1-8B23-4AB3-BD5C-685BB07D3FC4}.Debug|Any CPU.ActiveCfg = Debug|Any CPU
		{ABC72EA1-8B23-4AB3-BD5C-685BB07D3FC4}.Debug|Any CPU.Build.0 = Debug|Any CPU
		{ABC72EA1-8B23-4AB3-BD5C-685BB07D3FC4}.Release|Any CPU.ActiveCfg = Release|Any CPU
		{ABC72EA1-8B23-4AB3-BD5C-685BB07D3FC4}.Release|Any CPU.Build.0 = Release|Any CPU
		{FA23CBA4-E743-4DA2-94CC-1BB2D02A8F1D}.Debug|Any CPU.ActiveCfg = Debug|Any CPU
		{FA23CBA4-E743-4DA2-94CC-1BB2D02A8F1D}.Debug|Any CPU.Build.0 = Debug|Any CPU
		{FA23CBA4-E743-4DA2-94CC-1BB2D02A8F1D}.Release|Any CPU.ActiveCfg = Release|Any CPU
		{FA23CBA4-E743-4DA2-94CC-1BB2D02A8F1D}.Release|Any CPU.Build.0 = Release|Any CPU
	EndGlobalSection
	GlobalSection(SolutionProperties) = preSolution
		HideSolutionNode = FALSE
	EndGlobalSection
	GlobalSection(ExtensibilityGlobals) = postSolution
		SolutionGuid = {2DED2112-CA3B-432A-B0E7-964400B34CD8}
	EndGlobalSection
EndGlobal
